{
  "pins" : [
    {
      "identity" : "hero",
      "kind" : "remoteSourceControl",
      "location" : "https://github.com/HeroTransitions/Hero.git",
      "state" : {
        "branch" : "develop",
        "revision" : "45aed927b66348738fd81ab599898e7b47cfdc6e"
      }
    },
    {
      "identity" : "purchases-ios",
      "kind" : "remoteSourceControl",
      "location" : "https://github.com/RevenueCat/purchases-ios",
      "state" : {
        "revision" : "5d77aeccee3622dd2a5dbfd7af5aed195b84767e",
        "version" : "4.17.8"
      }
    },
    {
      "identity" : "snapkit",
      "kind" : "remoteSourceControl",
      "location" : "https://github.com/SnapKit/SnapKit.git",
      "state" : {
        "branch" : "develop",
        "revision" : "58320fe80522414bf3a7e24c88123581dc586752"
      }
    }
  ],
  "version" : 2
}
