// !$*UTF8*$!
{
	archiveVersion = 1;
	classes = {
	};
	objectVersion = 56;
	objects = {

/* Begin PBXBuildFile section */
		B7539BBE299D0F0000695FA9 /* AppDelegate.swift in Sources */ = {isa = PBXBuildFile; fileRef = B7539BBD299D0F0000695FA9 /* AppDelegate.swift */; };
		B7539BC0299D0F0000695FA9 /* SceneDelegate.swift in Sources */ = {isa = PBXBuildFile; fileRef = B7539BBF299D0F0000695FA9 /* SceneDelegate.swift */; };
		B7539BC2299D0F0000695FA9 /* ViewController.swift in Sources */ = {isa = PBXBuildFile; fileRef = B7539BC1299D0F0000695FA9 /* ViewController.swift */; };
		B7539BC5299D0F0000695FA9 /* Main.storyboard in Resources */ = {isa = PBXBuildFile; fileRef = B7539BC3299D0F0000695FA9 /* Main.storyboard */; };
		B7539BC7299D0F0200695FA9 /* Assets.xcassets in Resources */ = {isa = PBXBuildFile; fileRef = B7539BC6299D0F0200695FA9 /* Assets.xcassets */; };
		B7539BCA299D0F0200695FA9 /* LaunchScreen.storyboard in Resources */ = {isa = PBXBuildFile; fileRef = B7539BC8299D0F0200695FA9 /* LaunchScreen.storyboard */; };
		B7539BD8299D136100695FA9 /* ViewControllerEdit.swift in Sources */ = {isa = PBXBuildFile; fileRef = B7539BD7299D136100695FA9 /* ViewControllerEdit.swift */; };
		B7539BDA299D136F00695FA9 /* ViewControllerHome.swift in Sources */ = {isa = PBXBuildFile; fileRef = B7539BD9299D136F00695FA9 /* ViewControllerHome.swift */; };
		B7539BDC299D13A700695FA9 /* ViewControllerManager.swift in Sources */ = {isa = PBXBuildFile; fileRef = B7539BDB299D13A700695FA9 /* ViewControllerManager.swift */; };
/* End PBXBuildFile section */

/* Begin PBXFileReference section */
		B7539BBA299D0F0000695FA9 /* TabBar.app */ = {isa = PBXFileReference; explicitFileType = wrapper.application; includeInIndex = 0; path = TabBar.app; sourceTree = BUILT_PRODUCTS_DIR; };
		B7539BBD299D0F0000695FA9 /* AppDelegate.swift */ = {isa = PBXFileReference; lastKnownFileType = sourcecode.swift; path = AppDelegate.swift; sourceTree = "<group>"; };
		B7539BBF299D0F0000695FA9 /* SceneDelegate.swift */ = {isa = PBXFileReference; lastKnownFileType = sourcecode.swift; path = SceneDelegate.swift; sourceTree = "<group>"; };
		B7539BC1299D0F0000695FA9 /* ViewController.swift */ = {isa = PBXFileReference; lastKnownFileType = sourcecode.swift; path = ViewController.swift; sourceTree = "<group>"; };
		B7539BC4299D0F0000695FA9 /* Base */ = {isa = PBXFileReference; lastKnownFileType = file.storyboard; name = Base; path = Base.lproj/Main.storyboard; sourceTree = "<group>"; };
		B7539BC6299D0F0200695FA9 /* Assets.xcassets */ = {isa = PBXFileReference; lastKnownFileType = folder.assetcatalog; path = Assets.xcassets; sourceTree = "<group>"; };
		B7539BC9299D0F0200695FA9 /* Base */ = {isa = PBXFileReference; lastKnownFileType = file.storyboard; name = Base; path = Base.lproj/LaunchScreen.storyboard; sourceTree = "<group>"; };
		B7539BCB299D0F0200695FA9 /* Info.plist */ = {isa = PBXFileReference; lastKnownFileType = text.plist.xml; path = Info.plist; sourceTree = "<group>"; };
		B7539BD7299D136100695FA9 /* ViewControllerEdit.swift */ = {isa = PBXFileReference; lastKnownFileType = sourcecode.swift; path = ViewControllerEdit.swift; sourceTree = "<group>"; };
		B7539BD9299D136F00695FA9 /* ViewControllerHome.swift */ = {isa = PBXFileReference; lastKnownFileType = sourcecode.swift; path = ViewControllerHome.swift; sourceTree = "<group>"; };
		B7539BDB299D13A700695FA9 /* ViewControllerManager.swift */ = {isa = PBXFileReference; lastKnownFileType = sourcecode.swift; path = ViewControllerManager.swift; sourceTree = "<group>"; };
/* End PBXFileReference section */

/* Begin PBXFrameworksBuildPhase section */
		B7539BB7299D0F0000695FA9 /* Frameworks */ = {
			isa = PBXFrameworksBuildPhase;
			buildActionMask = 2147483647;
			files = (
			);
			runOnlyForDeploymentPostprocessing = 0;
		};
/* End PBXFrameworksBuildPhase section */

/* Begin PBXGroup section */
		B7539BB1299D0F0000695FA9 = {
			isa = PBXGroup;
			children = (
				B7539BBC299D0F0000695FA9 /* TabBar */,
				B7539BBB299D0F0000695FA9 /* Products */,
			);
			sourceTree = "<group>";
		};
		B7539BBB299D0F0000695FA9 /* Products */ = {
			isa = PBXGroup;
			children = (
				B7539BBA299D0F0000695FA9 /* TabBar.app */,
			);
			name = Products;
			sourceTree = "<group>";
		};
		B7539BBC299D0F0000695FA9 /* TabBar */ = {
			isa = PBXGroup;
			children = (
				B7539BD2299D123D00695FA9 /* Screens */,
				B7539BD1299D123700695FA9 /* Core */,
				B7539BCB299D0F0200695FA9 /* Info.plist */,
			);
			path = TabBar;
			sourceTree = "<group>";
		};
		B7539BD1299D123700695FA9 /* Core */ = {
			isa = PBXGroup;
			children = (
				B7539BBD299D0F0000695FA9 /* AppDelegate.swift */,
				B7539BBF299D0F0000695FA9 /* SceneDelegate.swift */,
				B7539BC3299D0F0000695FA9 /* Main.storyboard */,
				B7539BC6299D0F0200695FA9 /* Assets.xcassets */,
				B7539BC8299D0F0200695FA9 /* LaunchScreen.storyboard */,
			);
			name = Core;
			sourceTree = "<group>";
		};
		B7539BD2299D123D00695FA9 /* Screens */ = {
			isa = PBXGroup;
			children = (
				B7539BC1299D0F0000695FA9 /* ViewController.swift */,
				B7539BDB299D13A700695FA9 /* ViewControllerManager.swift */,
				B7539BD7299D136100695FA9 /* ViewControllerEdit.swift */,
				B7539BD9299D136F00695FA9 /* ViewControllerHome.swift */,
			);
			path = Screens;
			sourceTree = "<group>";
		};
/* End PBXGroup section */

/* Begin PBXNativeTarget section */
		B7539BB9299D0F0000695FA9 /* TabBar */ = {
			isa = PBXNativeTarget;
			buildConfigurationList = B7539BCE299D0F0200695FA9 /* Build configuration list for PBXNativeTarget "TabBar" */;
			buildPhases = (
				B7539BB6299D0F0000695FA9 /* Sources */,
				B7539BB7299D0F0000695FA9 /* Frameworks */,
				B7539BB8299D0F0000695FA9 /* Resources */,
			);
			buildRules = (
			);
			dependencies = (
			);
			name = TabBar;
			productName = TabBar;
			productReference = B7539BBA299D0F0000695FA9 /* TabBar.app */;
			productType = "com.apple.product-type.application";
		};
/* End PBXNativeTarget section */

/* Begin PBXProject section */
		B7539BB2299D0F0000695FA9 /* Project object */ = {
			isa = PBXProject;
			attributes = {
				BuildIndependentTargetsInParallel = 1;
				LastSwiftUpdateCheck = 1420;
				LastUpgradeCheck = 1420;
				TargetAttributes = {
					B7539BB9299D0F0000695FA9 = {
						CreatedOnToolsVersion = 14.2;
					};
				};
			};
			buildConfigurationList = B7539BB5299D0F0000695FA9 /* Build configuration list for PBXProject "TabBar" */;
			compatibilityVersion = "Xcode 14.0";
			developmentRegion = en;
			hasScannedForEncodings = 0;
			knownRegions = (
				en,
				Base,
			);
			mainGroup = B7539BB1299D0F0000695FA9;
			productRefGroup = B7539BBB299D0F0000695FA9 /* Products */;
			projectDirPath = "";
			projectRoot = "";
			targets = (
				B7539BB9299D0F0000695FA9 /* TabBar */,
			);
		};
/* End PBXProject section */

/* Begin PBXResourcesBuildPhase section */
		B7539BB8299D0F0000695FA9 /* Resources */ = {
			isa = PBXResourcesBuildPhase;
			buildActionMask = 2147483647;
			files = (
				B7539BCA299D0F0200695FA9 /* LaunchScreen.storyboard in Resources */,
				B7539BC7299D0F0200695FA9 /* Assets.xcassets in Resources */,
				B7539BC5299D0F0000695FA9 /* Main.storyboard in Resources */,
			);
			runOnlyForDeploymentPostprocessing = 0;
		};
/* End PBXResourcesBuildPhase section */

/* Begin PBXSourcesBuildPhase section */
		B7539BB6299D0F0000695FA9 /* Sources */ = {
			isa = PBXSourcesBuildPhase;
			buildActionMask = 2147483647;
			files = (
				B7539BDA299D136F00695FA9 /* ViewControllerHome.swift in Sources */,
				B7539BC2299D0F0000695FA9 /* ViewController.swift in Sources */,
				B7539BBE299D0F0000695FA9 /* AppDelegate.swift in Sources */,
				B7539BDC299D13A700695FA9 /* ViewControllerManager.swift in Sources */,
				B7539BD8299D136100695FA9 /* ViewControllerEdit.swift in Sources */,
				B7539BC0299D0F0000695FA9 /* SceneDelegate.swift in Sources */,
			);
			runOnlyForDeploymentPostprocessing = 0;
		};
/* End PBXSourcesBuildPhase section */

/* Begin PBXVariantGroup section */
		B7539BC3299D0F0000695FA9 /* Main.storyboard */ = {
			isa = PBXVariantGroup;
			children = (
				B7539BC4299D0F0000695FA9 /* Base */,
			);
			name = Main.storyboard;
			sourceTree = "<group>";
		};
		B7539BC8299D0F0200695FA9 /* LaunchScreen.storyboard */ = {
			isa = PBXVariantGroup;
			children = (
				B7539BC9299D0F0200695FA9 /* Base */,
			);
			name = LaunchScreen.storyboard;
			sourceTree = "<group>";
		};
/* End PBXVariantGroup section */

/* Begin XCBuildConfiguration section */
		B7539BCC299D0F0200695FA9 /* Debug */ = {
			isa = XCBuildConfiguration;
			buildSettings = {
				ALWAYS_SEARCH_USER_PATHS = NO;
				CLANG_ANALYZER_NONNULL = YES;
				CLANG_ANALYZER_NUMBER_OBJECT_CONVERSION = YES_AGGRESSIVE;
				CLANG_CXX_LANGUAGE_STANDARD = "gnu++20";
				CLANG_ENABLE_MODULES = YES;
				CLANG_ENABLE_OBJC_ARC = YES;
				CLANG_ENABLE_OBJC_WEAK = YES;
				CLANG_WARN_BLOCK_CAPTURE_AUTORELEASING = YES;
				CLANG_WARN_BOOL_CONVERSION = YES;
				CLANG_WARN_COMMA = YES;
				CLANG_WARN_CONSTANT_CONVERSION = YES;
				CLANG_WARN_DEPRECATED_OBJC_IMPLEMENTATIONS = YES;
				CLANG_WARN_DIRECT_OBJC_ISA_USAGE = YES_ERROR;
				CLANG_WARN_DOCUMENTATION_COMMENTS = YES;
				CLANG_WARN_EMPTY_BODY = YES;
				CLANG_WARN_ENUM_CONVERSION = YES;
				CLANG_WARN_INFINITE_RECURSION = YES;
				CLANG_WARN_INT_CONVERSION = YES;
				CLANG_WARN_NON_LITERAL_NULL_CONVERSION = YES;
				CLANG_WARN_OBJC_IMPLICIT_RETAIN_SELF = YES;
				CLANG_WARN_OBJC_LITERAL_CONVERSION = YES;
				CLANG_WARN_OBJC_ROOT_CLASS = YES_ERROR;
				CLANG_WARN_QUOTED_INCLUDE_IN_FRAMEWORK_HEADER = YES;
				CLANG_WARN_RANGE_LOOP_ANALYSIS = YES;
				CLANG_WARN_STRICT_PROTOTYPES = YES;
				CLANG_WARN_SUSPICIOUS_MOVE = YES;
				CLANG_WARN_UNGUARDED_AVAILABILITY = YES_AGGRESSIVE;
				CLANG_WARN_UNREACHABLE_CODE = YES;
				CLANG_WARN__DUPLICATE_METHOD_MATCH = YES;
				COPY_PHASE_STRIP = NO;
				DEBUG_INFORMATION_FORMAT = dwarf;
				ENABLE_STRICT_OBJC_MSGSEND = YES;
				ENABLE_TESTABILITY = YES;
				GCC_C_LANGUAGE_STANDARD = gnu11;
				GCC_DYNAMIC_NO_PIC = NO;
				GCC_NO_COMMON_BLOCKS = YES;
				GCC_OPTIMIZATION_LEVEL = 0;
				GCC_PREPROCESSOR_DEFINITIONS = (
					"DEBUG=1",
					"$(inherited)",
				);
				GCC_WARN_64_TO_32_BIT_CONVERSION = YES;
				GCC_WARN_ABOUT_RETURN_TYPE = YES_ERROR;
				GCC_WARN_UNDECLARED_SELECTOR = YES;
				GCC_WARN_UNINITIALIZED_AUTOS = YES_AGGRESSIVE;
				GCC_WARN_UNUSED_FUNCTION = YES;
				GCC_WARN_UNUSED_VARIABLE = YES;
				IPHONEOS_DEPLOYMENT_TARGET = 16.2;
				MTL_ENABLE_DEBUG_INFO = INCLUDE_SOURCE;
				MTL_FAST_MATH = YES;
				ONLY_ACTIVE_ARCH = YES;
				SDKROOT = iphoneos;
				SWIFT_ACTIVE_COMPILATION_CONDITIONS = DEBUG;
				SWIFT_OPTIMIZATION_LEVEL = "-Onone";
			};
			name = Debug;
		};
		B7539BCD299D0F0200695FA9 /* Release */ = {
			isa = XCBuildConfiguration;
			buildSettings = {
				ALWAYS_SEARCH_USER_PATHS = NO;
				CLANG_ANALYZER_NONNULL = YES;
				CLANG_ANALYZER_NUMBER_OBJECT_CONVERSION = YES_AGGRESSIVE;
				CLANG_CXX_LANGUAGE_STANDARD = "gnu++20";
				CLANG_ENABLE_MODULES = YES;
				CLANG_ENABLE_OBJC_ARC = YES;
				CLANG_ENABLE_OBJC_WEAK = YES;
				CLANG_WARN_BLOCK_CAPTURE_AUTORELEASING = YES;
				CLANG_WARN_BOOL_CONVERSION = YES;
				CLANG_WARN_COMMA = YES;
				CLANG_WARN_CONSTANT_CONVERSION = YES;
				CLANG_WARN_DEPRECATED_OBJC_IMPLEMENTATIONS = YES;
				CLANG_WARN_DIRECT_OBJC_ISA_USAGE = YES_ERROR;
				CLANG_WARN_DOCUMENTATION_COMMENTS = YES;
				CLANG_WARN_EMPTY_BODY = YES;
				CLANG_WARN_ENUM_CONVERSION = YES;
				CLANG_WARN_INFINITE_RECURSION = YES;
				CLANG_WARN_INT_CONVERSION = YES;
				CLANG_WARN_NON_LITERAL_NULL_CONVERSION = YES;
				CLANG_WARN_OBJC_IMPLICIT_RETAIN_SELF = YES;
				CLANG_WARN_OBJC_LITERAL_CONVERSION = YES;
				CLANG_WARN_OBJC_ROOT_CLASS = YES_ERROR;
				CLANG_WARN_QUOTED_INCLUDE_IN_FRAMEWORK_HEADER = YES;
				CLANG_WARN_RANGE_LOOP_ANALYSIS = YES;
				CLANG_WARN_STRICT_PROTOTYPES = YES;
				CLANG_WARN_SUSPICIOUS_MOVE = YES;
				CLANG_WARN_UNGUARDED_AVAILABILITY = YES_AGGRESSIVE;
				CLANG_WARN_UNREACHABLE_CODE = YES;
				CLANG_WARN__DUPLICATE_METHOD_MATCH = YES;
				COPY_PHASE_STRIP = NO;
				DEBUG_INFORMATION_FORMAT = "dwarf-with-dsym";
				ENABLE_NS_ASSERTIONS = NO;
				ENABLE_STRICT_OBJC_MSGSEND = YES;
				GCC_C_LANGUAGE_STANDARD = gnu11;
				GCC_NO_COMMON_BLOCKS = YES;
				GCC_WARN_64_TO_32_BIT_CONVERSION = YES;
				GCC_WARN_ABOUT_RETURN_TYPE = YES_ERROR;
				GCC_WARN_UNDECLARED_SELECTOR = YES;
				GCC_WARN_UNINITIALIZED_AUTOS = YES_AGGRESSIVE;
				GCC_WARN_UNUSED_FUNCTION = YES;
				GCC_WARN_UNUSED_VARIABLE = YES;
				IPHONEOS_DEPLOYMENT_TARGET = 16.2;
				MTL_ENABLE_DEBUG_INFO = NO;
				MTL_FAST_MATH = YES;
				SDKROOT = iphoneos;
				SWIFT_COMPILATION_MODE = wholemodule;
				SWIFT_OPTIMIZATION_LEVEL = "-O";
				VALIDATE_PRODUCT = YES;
			};
			name = Release;
		};
		B7539BCF299D0F0200695FA9 /* Debug */ = {
			isa = XCBuildConfiguration;
			buildSettings = {
				ASSETCATALOG_COMPILER_APPICON_NAME = AppIcon;
				ASSETCATALOG_COMPILER_GLOBAL_ACCENT_COLOR_NAME = AccentColor;
				CODE_SIGN_STYLE = Automatic;
				CURRENT_PROJECT_VERSION = 1;
				DEVELOPMENT_TEAM = Y37UHY4HLZ;
				GENERATE_INFOPLIST_FILE = YES;
				INFOPLIST_FILE = TabBar/Info.plist;
				INFOPLIST_KEY_UIApplicationSupportsIndirectInputEvents = YES;
				INFOPLIST_KEY_UILaunchStoryboardName = LaunchScreen;
				INFOPLIST_KEY_UIMainStoryboardFile = Main;
				INFOPLIST_KEY_UISupportedInterfaceOrientations_iPad = "UIInterfaceOrientationPortrait UIInterfaceOrientationPortraitUpsideDown UIInterfaceOrientationLandscapeLeft UIInterfaceOrientationLandscapeRight";
				INFOPLIST_KEY_UISupportedInterfaceOrientations_iPhone = "UIInterfaceOrientationPortrait UIInterfaceOrientationLandscapeLeft UIInterfaceOrientationLandscapeRight";
				LD_RUNPATH_SEARCH_PATHS = (
					"$(inherited)",
					"@executable_path/Frameworks",
				);
				MARKETING_VERSION = 1.0;
				PRODUCT_BUNDLE_IDENTIFIER = com.mehmetarikan.TabBar;
				PRODUCT_NAME = "$(TARGET_NAME)";
				SWIFT_EMIT_LOC_STRINGS = YES;
				SWIFT_VERSION = 5.0;
				TARGETED_DEVICE_FAMILY = "1,2";
			};
			name = Debug;
		};
		B7539BD0299D0F0200695FA9 /* Release */ = {
			isa = XCBuildConfiguration;
			buildSettings = {
				ASSETCATALOG_COMPILER_APPICON_NAME = AppIcon;
				ASSETCATALOG_COMPILER_GLOBAL_ACCENT_COLOR_NAME = AccentColor;
				CODE_SIGN_STYLE = Automatic;
				CURRENT_PROJECT_VERSION = 1;
				DEVELOPMENT_TEAM = Y37UHY4HLZ;
				GENERATE_INFOPLIST_FILE = YES;
				INFOPLIST_FILE = TabBar/Info.plist;
				INFOPLIST_KEY_UIApplicationSupportsIndirectInputEvents = YES;
				INFOPLIST_KEY_UILaunchStoryboardName = LaunchScreen;
				INFOPLIST_KEY_UIMainStoryboardFile = Main;
				INFOPLIST_KEY_UISupportedInterfaceOrientations_iPad = "UIInterfaceOrientationPortrait UIInterfaceOrientationPortraitUpsideDown UIInterfaceOrientationLandscapeLeft UIInterfaceOrientationLandscapeRight";
				INFOPLIST_KEY_UISupportedInterfaceOrientations_iPhone = "UIInterfaceOrientationPortrait UIInterfaceOrientationLandscapeLeft UIInterfaceOrientationLandscapeRight";
				LD_RUNPATH_SEARCH_PATHS = (
					"$(inherited)",
					"@executable_path/Frameworks",
				);
				MARKETING_VERSION = 1.0;
				PRODUCT_BUNDLE_IDENTIFIER = com.mehmetarikan.TabBar;
				PRODUCT_NAME = "$(TARGET_NAME)";
				SWIFT_EMIT_LOC_STRINGS = YES;
				SWIFT_VERSION = 5.0;
				TARGETED_DEVICE_FAMILY = "1,2";
			};
			name = Release;
		};
/* End XCBuildConfiguration section */

/* Begin XCConfigurationList section */
		B7539BB5299D0F0000695FA9 /* Build configuration list for PBXProject "TabBar" */ = {
			isa = XCConfigurationList;
			buildConfigurations = (
				B7539BCC299D0F0200695FA9 /* Debug */,
				B7539BCD299D0F0200695FA9 /* Release */,
			);
			defaultConfigurationIsVisible = 0;
			defaultConfigurationName = Release;
		};
		B7539BCE299D0F0200695FA9 /* Build configuration list for PBXNativeTarget "TabBar" */ = {
			isa = XCConfigurationList;
			buildConfigurations = (
				B7539BCF299D0F0200695FA9 /* Debug */,
				B7539BD0299D0F0200695FA9 /* Release */,
			);
			defaultConfigurationIsVisible = 0;
			defaultConfigurationName = Release;
		};
/* End XCConfigurationList section */
	};
	rootObject = B7539BB2299D0F0000695FA9 /* Project object */;
}
