// !$*UTF8*$!
{
	archiveVersion = 1;
	classes = {
	};
	objectVersion = 56;
	objects = {

/* Begin PBXBuildFile section */
		B7B74C19299A195A00FF2466 /* AppDelegate.swift in Sources */ = {isa = PBXBuildFile; fileRef = B7B74C18299A195A00FF2466 /* AppDelegate.swift */; };
		B7B74C1B299A195A00FF2466 /* SceneDelegate.swift in Sources */ = {isa = PBXBuildFile; fileRef = B7B74C1A299A195A00FF2466 /* SceneDelegate.swift */; };
		B7B74C1D299A195A00FF2466 /* ViewController.swift in Sources */ = {isa = PBXBuildFile; fileRef = B7B74C1C299A195A00FF2466 /* ViewController.swift */; };
		B7B74C20299A195A00FF2466 /* Main.storyboard in Resources */ = {isa = PBXBuildFile; fileRef = B7B74C1E299A195A00FF2466 /* Main.storyboard */; };
		B7B74C22299A195C00FF2466 /* Assets.xcassets in Resources */ = {isa = PBXBuildFile; fileRef = B7B74C21299A195C00FF2466 /* Assets.xcassets */; };
		B7B74C25299A195C00FF2466 /* LaunchScreen.storyboard in Resources */ = {isa = PBXBuildFile; fileRef = B7B74C23299A195C00FF2466 /* LaunchScreen.storyboard */; };
		B7B74C30299A1A4F00FF2466 /* SnapKit in Frameworks */ = {isa = PBXBuildFile; productRef = B7B74C2F299A1A4F00FF2466 /* SnapKit */; };
		B7B74C34299A258A00FF2466 /* SherifViewController.swift in Sources */ = {isa = PBXBuildFile; fileRef = B7B74C33299A258A00FF2466 /* SherifViewController.swift */; };
		B7B74C36299A4A3800FF2466 /* ExtensionAnimationViewController.swift in Sources */ = {isa = PBXBuildFile; fileRef = B7B74C35299A4A3800FF2466 /* ExtensionAnimationViewController.swift */; };
		B7B74C38299A4C8900FF2466 /* sound.mp3 in Resources */ = {isa = PBXBuildFile; fileRef = B7B74C37299A4C8900FF2466 /* sound.mp3 */; };
/* End PBXBuildFile section */

/* Begin PBXFileReference section */
		B7B74C15299A195A00FF2466 /* UIButtonsChallange.app */ = {isa = PBXFileReference; explicitFileType = wrapper.application; includeInIndex = 0; path = UIButtonsChallange.app; sourceTree = BUILT_PRODUCTS_DIR; };
		B7B74C18299A195A00FF2466 /* AppDelegate.swift */ = {isa = PBXFileReference; lastKnownFileType = sourcecode.swift; path = AppDelegate.swift; sourceTree = "<group>"; };
		B7B74C1A299A195A00FF2466 /* SceneDelegate.swift */ = {isa = PBXFileReference; lastKnownFileType = sourcecode.swift; path = SceneDelegate.swift; sourceTree = "<group>"; };
		B7B74C1C299A195A00FF2466 /* ViewController.swift */ = {isa = PBXFileReference; lastKnownFileType = sourcecode.swift; path = ViewController.swift; sourceTree = "<group>"; };
		B7B74C1F299A195A00FF2466 /* Base */ = {isa = PBXFileReference; lastKnownFileType = file.storyboard; name = Base; path = Base.lproj/Main.storyboard; sourceTree = "<group>"; };
		B7B74C21299A195C00FF2466 /* Assets.xcassets */ = {isa = PBXFileReference; lastKnownFileType = folder.assetcatalog; path = Assets.xcassets; sourceTree = "<group>"; };
		B7B74C24299A195C00FF2466 /* Base */ = {isa = PBXFileReference; lastKnownFileType = file.storyboard; name = Base; path = Base.lproj/LaunchScreen.storyboard; sourceTree = "<group>"; };
		B7B74C26299A195C00FF2466 /* Info.plist */ = {isa = PBXFileReference; lastKnownFileType = text.plist.xml; path = Info.plist; sourceTree = "<group>"; };
		B7B74C33299A258A00FF2466 /* SherifViewController.swift */ = {isa = PBXFileReference; lastKnownFileType = sourcecode.swift; path = SherifViewController.swift; sourceTree = "<group>"; };
		B7B74C35299A4A3800FF2466 /* ExtensionAnimationViewController.swift */ = {isa = PBXFileReference; lastKnownFileType = sourcecode.swift; path = ExtensionAnimationViewController.swift; sourceTree = "<group>"; };
		B7B74C37299A4C8900FF2466 /* sound.mp3 */ = {isa = PBXFileReference; lastKnownFileType = audio.mp3; path = sound.mp3; sourceTree = "<group>"; };
/* End PBXFileReference section */

/* Begin PBXFrameworksBuildPhase section */
		B7B74C12299A195A00FF2466 /* Frameworks */ = {
			isa = PBXFrameworksBuildPhase;
			buildActionMask = 2147483647;
			files = (
				B7B74C30299A1A4F00FF2466 /* SnapKit in Frameworks */,
			);
			runOnlyForDeploymentPostprocessing = 0;
		};
/* End PBXFrameworksBuildPhase section */

/* Begin PBXGroup section */
		B7B74C0C299A195A00FF2466 = {
			isa = PBXGroup;
			children = (
				B7B74C17299A195A00FF2466 /* UIButtonsChallange */,
				B7B74C16299A195A00FF2466 /* Products */,
			);
			sourceTree = "<group>";
		};
		B7B74C16299A195A00FF2466 /* Products */ = {
			isa = PBXGroup;
			children = (
				B7B74C15299A195A00FF2466 /* UIButtonsChallange.app */,
			);
			name = Products;
			sourceTree = "<group>";
		};
		B7B74C17299A195A00FF2466 /* UIButtonsChallange */ = {
			isa = PBXGroup;
			children = (
				B7B74C37299A4C8900FF2466 /* sound.mp3 */,
				B7B74C2D299A197500FF2466 /* Screens */,
				B7B74C2C299A196F00FF2466 /* Core */,
				B7B74C26299A195C00FF2466 /* Info.plist */,
			);
			path = UIButtonsChallange;
			sourceTree = "<group>";
		};
		B7B74C2C299A196F00FF2466 /* Core */ = {
			isa = PBXGroup;
			children = (
				B7B74C18299A195A00FF2466 /* AppDelegate.swift */,
				B7B74C1A299A195A00FF2466 /* SceneDelegate.swift */,
				B7B74C1E299A195A00FF2466 /* Main.storyboard */,
				B7B74C21299A195C00FF2466 /* Assets.xcassets */,
				B7B74C23299A195C00FF2466 /* LaunchScreen.storyboard */,
			);
			name = Core;
			sourceTree = "<group>";
		};
		B7B74C2D299A197500FF2466 /* Screens */ = {
			isa = PBXGroup;
			children = (
				B7B74C1C299A195A00FF2466 /* ViewController.swift */,
				B7B74C33299A258A00FF2466 /* SherifViewController.swift */,
				B7B74C35299A4A3800FF2466 /* ExtensionAnimationViewController.swift */,
			);
			name = Screens;
			sourceTree = "<group>";
		};
/* End PBXGroup section */

/* Begin PBXNativeTarget section */
		B7B74C14299A195A00FF2466 /* UIButtonsChallange */ = {
			isa = PBXNativeTarget;
			buildConfigurationList = B7B74C29299A195C00FF2466 /* Build configuration list for PBXNativeTarget "UIButtonsChallange" */;
			buildPhases = (
				B7B74C11299A195A00FF2466 /* Sources */,
				B7B74C12299A195A00FF2466 /* Frameworks */,
				B7B74C13299A195A00FF2466 /* Resources */,
			);
			buildRules = (
			);
			dependencies = (
			);
			name = UIButtonsChallange;
			packageProductDependencies = (
				B7B74C2F299A1A4F00FF2466 /* SnapKit */,
			);
			productName = UIButtonsChallange;
			productReference = B7B74C15299A195A00FF2466 /* UIButtonsChallange.app */;
			productType = "com.apple.product-type.application";
		};
/* End PBXNativeTarget section */

/* Begin PBXProject section */
		B7B74C0D299A195A00FF2466 /* Project object */ = {
			isa = PBXProject;
			attributes = {
				BuildIndependentTargetsInParallel = 1;
				LastSwiftUpdateCheck = 1420;
				LastUpgradeCheck = 1420;
				TargetAttributes = {
					B7B74C14299A195A00FF2466 = {
						CreatedOnToolsVersion = 14.2;
					};
				};
			};
			buildConfigurationList = B7B74C10299A195A00FF2466 /* Build configuration list for PBXProject "UIButtonsChallange" */;
			compatibilityVersion = "Xcode 14.0";
			developmentRegion = en;
			hasScannedForEncodings = 0;
			knownRegions = (
				en,
				Base,
			);
			mainGroup = B7B74C0C299A195A00FF2466;
			packageReferences = (
				B7B74C2E299A1A4E00FF2466 /* XCRemoteSwiftPackageReference "SnapKit" */,
			);
			productRefGroup = B7B74C16299A195A00FF2466 /* Products */;
			projectDirPath = "";
			projectRoot = "";
			targets = (
				B7B74C14299A195A00FF2466 /* UIButtonsChallange */,
			);
		};
/* End PBXProject section */

/* Begin PBXResourcesBuildPhase section */
		B7B74C13299A195A00FF2466 /* Resources */ = {
			isa = PBXResourcesBuildPhase;
			buildActionMask = 2147483647;
			files = (
				B7B74C38299A4C8900FF2466 /* sound.mp3 in Resources */,
				B7B74C25299A195C00FF2466 /* LaunchScreen.storyboard in Resources */,
				B7B74C22299A195C00FF2466 /* Assets.xcassets in Resources */,
				B7B74C20299A195A00FF2466 /* Main.storyboard in Resources */,
			);
			runOnlyForDeploymentPostprocessing = 0;
		};
/* End PBXResourcesBuildPhase section */

/* Begin PBXSourcesBuildPhase section */
		B7B74C11299A195A00FF2466 /* Sources */ = {
			isa = PBXSourcesBuildPhase;
			buildActionMask = 2147483647;
			files = (
				B7B74C1D299A195A00FF2466 /* ViewController.swift in Sources */,
				B7B74C34299A258A00FF2466 /* SherifViewController.swift in Sources */,
				B7B74C19299A195A00FF2466 /* AppDelegate.swift in Sources */,
				B7B74C36299A4A3800FF2466 /* ExtensionAnimationViewController.swift in Sources */,
				B7B74C1B299A195A00FF2466 /* SceneDelegate.swift in Sources */,
			);
			runOnlyForDeploymentPostprocessing = 0;
		};
/* End PBXSourcesBuildPhase section */

/* Begin PBXVariantGroup section */
		B7B74C1E299A195A00FF2466 /* Main.storyboard */ = {
			isa = PBXVariantGroup;
			children = (
				B7B74C1F299A195A00FF2466 /* Base */,
			);
			name = Main.storyboard;
			sourceTree = "<group>";
		};
		B7B74C23299A195C00FF2466 /* LaunchScreen.storyboard */ = {
			isa = PBXVariantGroup;
			children = (
				B7B74C24299A195C00FF2466 /* Base */,
			);
			name = LaunchScreen.storyboard;
			sourceTree = "<group>";
		};
/* End PBXVariantGroup section */

/* Begin XCBuildConfiguration section */
		B7B74C27299A195C00FF2466 /* Debug */ = {
			isa = XCBuildConfiguration;
			buildSettings = {
				ALWAYS_SEARCH_USER_PATHS = NO;
				CLANG_ANALYZER_NONNULL = YES;
				CLANG_ANALYZER_NUMBER_OBJECT_CONVERSION = YES_AGGRESSIVE;
				CLANG_CXX_LANGUAGE_STANDARD = "gnu++20";
				CLANG_ENABLE_MODULES = YES;
				CLANG_ENABLE_OBJC_ARC = YES;
				CLANG_ENABLE_OBJC_WEAK = YES;
				CLANG_WARN_BLOCK_CAPTURE_AUTORELEASING = YES;
				CLANG_WARN_BOOL_CONVERSION = YES;
				CLANG_WARN_COMMA = YES;
				CLANG_WARN_CONSTANT_CONVERSION = YES;
				CLANG_WARN_DEPRECATED_OBJC_IMPLEMENTATIONS = YES;
				CLANG_WARN_DIRECT_OBJC_ISA_USAGE = YES_ERROR;
				CLANG_WARN_DOCUMENTATION_COMMENTS = YES;
				CLANG_WARN_EMPTY_BODY = YES;
				CLANG_WARN_ENUM_CONVERSION = YES;
				CLANG_WARN_INFINITE_RECURSION = YES;
				CLANG_WARN_INT_CONVERSION = YES;
				CLANG_WARN_NON_LITERAL_NULL_CONVERSION = YES;
				CLANG_WARN_OBJC_IMPLICIT_RETAIN_SELF = YES;
				CLANG_WARN_OBJC_LITERAL_CONVERSION = YES;
				CLANG_WARN_OBJC_ROOT_CLASS = YES_ERROR;
				CLANG_WARN_QUOTED_INCLUDE_IN_FRAMEWORK_HEADER = YES;
				CLANG_WARN_RANGE_LOOP_ANALYSIS = YES;
				CLANG_WARN_STRICT_PROTOTYPES = YES;
				CLANG_WARN_SUSPICIOUS_MOVE = YES;
				CLANG_WARN_UNGUARDED_AVAILABILITY = YES_AGGRESSIVE;
				CLANG_WARN_UNREACHABLE_CODE = YES;
				CLANG_WARN__DUPLICATE_METHOD_MATCH = YES;
				COPY_PHASE_STRIP = NO;
				DEBUG_INFORMATION_FORMAT = dwarf;
				ENABLE_STRICT_OBJC_MSGSEND = YES;
				ENABLE_TESTABILITY = YES;
				GCC_C_LANGUAGE_STANDARD = gnu11;
				GCC_DYNAMIC_NO_PIC = NO;
				GCC_NO_COMMON_BLOCKS = YES;
				GCC_OPTIMIZATION_LEVEL = 0;
				GCC_PREPROCESSOR_DEFINITIONS = (
					"DEBUG=1",
					"$(inherited)",
				);
				GCC_WARN_64_TO_32_BIT_CONVERSION = YES;
				GCC_WARN_ABOUT_RETURN_TYPE = YES_ERROR;
				GCC_WARN_UNDECLARED_SELECTOR = YES;
				GCC_WARN_UNINITIALIZED_AUTOS = YES_AGGRESSIVE;
				GCC_WARN_UNUSED_FUNCTION = YES;
				GCC_WARN_UNUSED_VARIABLE = YES;
				IPHONEOS_DEPLOYMENT_TARGET = 16.2;
				MTL_ENABLE_DEBUG_INFO = INCLUDE_SOURCE;
				MTL_FAST_MATH = YES;
				ONLY_ACTIVE_ARCH = YES;
				SDKROOT = iphoneos;
				SWIFT_ACTIVE_COMPILATION_CONDITIONS = DEBUG;
				SWIFT_OPTIMIZATION_LEVEL = "-Onone";
			};
			name = Debug;
		};
		B7B74C28299A195C00FF2466 /* Release */ = {
			isa = XCBuildConfiguration;
			buildSettings = {
				ALWAYS_SEARCH_USER_PATHS = NO;
				CLANG_ANALYZER_NONNULL = YES;
				CLANG_ANALYZER_NUMBER_OBJECT_CONVERSION = YES_AGGRESSIVE;
				CLANG_CXX_LANGUAGE_STANDARD = "gnu++20";
				CLANG_ENABLE_MODULES = YES;
				CLANG_ENABLE_OBJC_ARC = YES;
				CLANG_ENABLE_OBJC_WEAK = YES;
				CLANG_WARN_BLOCK_CAPTURE_AUTORELEASING = YES;
				CLANG_WARN_BOOL_CONVERSION = YES;
				CLANG_WARN_COMMA = YES;
				CLANG_WARN_CONSTANT_CONVERSION = YES;
				CLANG_WARN_DEPRECATED_OBJC_IMPLEMENTATIONS = YES;
				CLANG_WARN_DIRECT_OBJC_ISA_USAGE = YES_ERROR;
				CLANG_WARN_DOCUMENTATION_COMMENTS = YES;
				CLANG_WARN_EMPTY_BODY = YES;
				CLANG_WARN_ENUM_CONVERSION = YES;
				CLANG_WARN_INFINITE_RECURSION = YES;
				CLANG_WARN_INT_CONVERSION = YES;
				CLANG_WARN_NON_LITERAL_NULL_CONVERSION = YES;
				CLANG_WARN_OBJC_IMPLICIT_RETAIN_SELF = YES;
				CLANG_WARN_OBJC_LITERAL_CONVERSION = YES;
				CLANG_WARN_OBJC_ROOT_CLASS = YES_ERROR;
				CLANG_WARN_QUOTED_INCLUDE_IN_FRAMEWORK_HEADER = YES;
				CLANG_WARN_RANGE_LOOP_ANALYSIS = YES;
				CLANG_WARN_STRICT_PROTOTYPES = YES;
				CLANG_WARN_SUSPICIOUS_MOVE = YES;
				CLANG_WARN_UNGUARDED_AVAILABILITY = YES_AGGRESSIVE;
				CLANG_WARN_UNREACHABLE_CODE = YES;
				CLANG_WARN__DUPLICATE_METHOD_MATCH = YES;
				COPY_PHASE_STRIP = NO;
				DEBUG_INFORMATION_FORMAT = "dwarf-with-dsym";
				ENABLE_NS_ASSERTIONS = NO;
				ENABLE_STRICT_OBJC_MSGSEND = YES;
				GCC_C_LANGUAGE_STANDARD = gnu11;
				GCC_NO_COMMON_BLOCKS = YES;
				GCC_WARN_64_TO_32_BIT_CONVERSION = YES;
				GCC_WARN_ABOUT_RETURN_TYPE = YES_ERROR;
				GCC_WARN_UNDECLARED_SELECTOR = YES;
				GCC_WARN_UNINITIALIZED_AUTOS = YES_AGGRESSIVE;
				GCC_WARN_UNUSED_FUNCTION = YES;
				GCC_WARN_UNUSED_VARIABLE = YES;
				IPHONEOS_DEPLOYMENT_TARGET = 16.2;
				MTL_ENABLE_DEBUG_INFO = NO;
				MTL_FAST_MATH = YES;
				SDKROOT = iphoneos;
				SWIFT_COMPILATION_MODE = wholemodule;
				SWIFT_OPTIMIZATION_LEVEL = "-O";
				VALIDATE_PRODUCT = YES;
			};
			name = Release;
		};
		B7B74C2A299A195C00FF2466 /* Debug */ = {
			isa = XCBuildConfiguration;
			buildSettings = {
				ASSETCATALOG_COMPILER_APPICON_NAME = AppIcon;
				ASSETCATALOG_COMPILER_GLOBAL_ACCENT_COLOR_NAME = AccentColor;
				CODE_SIGN_STYLE = Automatic;
				CURRENT_PROJECT_VERSION = 1;
				DEVELOPMENT_TEAM = Y37UHY4HLZ;
				GENERATE_INFOPLIST_FILE = YES;
				INFOPLIST_FILE = UIButtonsChallange/Info.plist;
				INFOPLIST_KEY_UIApplicationSupportsIndirectInputEvents = YES;
				INFOPLIST_KEY_UILaunchStoryboardName = LaunchScreen;
				INFOPLIST_KEY_UIMainStoryboardFile = Main;
				INFOPLIST_KEY_UISupportedInterfaceOrientations_iPad = "UIInterfaceOrientationPortrait UIInterfaceOrientationPortraitUpsideDown UIInterfaceOrientationLandscapeLeft UIInterfaceOrientationLandscapeRight";
				INFOPLIST_KEY_UISupportedInterfaceOrientations_iPhone = "UIInterfaceOrientationPortrait UIInterfaceOrientationLandscapeLeft UIInterfaceOrientationLandscapeRight";
				LD_RUNPATH_SEARCH_PATHS = (
					"$(inherited)",
					"@executable_path/Frameworks",
				);
				MARKETING_VERSION = 1.0;
				PRODUCT_BUNDLE_IDENTIFIER = com.mehmetarikan.UIButtonsChallange;
				PRODUCT_NAME = "$(TARGET_NAME)";
				SWIFT_EMIT_LOC_STRINGS = YES;
				SWIFT_VERSION = 5.0;
				TARGETED_DEVICE_FAMILY = "1,2";
			};
			name = Debug;
		};
		B7B74C2B299A195C00FF2466 /* Release */ = {
			isa = XCBuildConfiguration;
			buildSettings = {
				ASSETCATALOG_COMPILER_APPICON_NAME = AppIcon;
				ASSETCATALOG_COMPILER_GLOBAL_ACCENT_COLOR_NAME = AccentColor;
				CODE_SIGN_STYLE = Automatic;
				CURRENT_PROJECT_VERSION = 1;
				DEVELOPMENT_TEAM = Y37UHY4HLZ;
				GENERATE_INFOPLIST_FILE = YES;
				INFOPLIST_FILE = UIButtonsChallange/Info.plist;
				INFOPLIST_KEY_UIApplicationSupportsIndirectInputEvents = YES;
				INFOPLIST_KEY_UILaunchStoryboardName = LaunchScreen;
				INFOPLIST_KEY_UIMainStoryboardFile = Main;
				INFOPLIST_KEY_UISupportedInterfaceOrientations_iPad = "UIInterfaceOrientationPortrait UIInterfaceOrientationPortraitUpsideDown UIInterfaceOrientationLandscapeLeft UIInterfaceOrientationLandscapeRight";
				INFOPLIST_KEY_UISupportedInterfaceOrientations_iPhone = "UIInterfaceOrientationPortrait UIInterfaceOrientationLandscapeLeft UIInterfaceOrientationLandscapeRight";
				LD_RUNPATH_SEARCH_PATHS = (
					"$(inherited)",
					"@executable_path/Frameworks",
				);
				MARKETING_VERSION = 1.0;
				PRODUCT_BUNDLE_IDENTIFIER = com.mehmetarikan.UIButtonsChallange;
				PRODUCT_NAME = "$(TARGET_NAME)";
				SWIFT_EMIT_LOC_STRINGS = YES;
				SWIFT_VERSION = 5.0;
				TARGETED_DEVICE_FAMILY = "1,2";
			};
			name = Release;
		};
/* End XCBuildConfiguration section */

/* Begin XCConfigurationList section */
		B7B74C10299A195A00FF2466 /* Build configuration list for PBXProject "UIButtonsChallange" */ = {
			isa = XCConfigurationList;
			buildConfigurations = (
				B7B74C27299A195C00FF2466 /* Debug */,
				B7B74C28299A195C00FF2466 /* Release */,
			);
			defaultConfigurationIsVisible = 0;
			defaultConfigurationName = Release;
		};
		B7B74C29299A195C00FF2466 /* Build configuration list for PBXNativeTarget "UIButtonsChallange" */ = {
			isa = XCConfigurationList;
			buildConfigurations = (
				B7B74C2A299A195C00FF2466 /* Debug */,
				B7B74C2B299A195C00FF2466 /* Release */,
			);
			defaultConfigurationIsVisible = 0;
			defaultConfigurationName = Release;
		};
/* End XCConfigurationList section */

/* Begin XCRemoteSwiftPackageReference section */
		B7B74C2E299A1A4E00FF2466 /* XCRemoteSwiftPackageReference "SnapKit" */ = {
			isa = XCRemoteSwiftPackageReference;
			repositoryURL = "https://github.com/SnapKit/SnapKit.git";
			requirement = {
				branch = develop;
				kind = branch;
			};
		};
/* End XCRemoteSwiftPackageReference section */

/* Begin XCSwiftPackageProductDependency section */
		B7B74C2F299A1A4F00FF2466 /* SnapKit */ = {
			isa = XCSwiftPackageProductDependency;
			package = B7B74C2E299A1A4E00FF2466 /* XCRemoteSwiftPackageReference "SnapKit" */;
			productName = SnapKit;
		};
/* End XCSwiftPackageProductDependency section */
	};
	rootObject = B7B74C0D299A195A00FF2466 /* Project object */;
}
